// !$*UTF8*$!
{
	archiveVersion = 1;
	classes = {
	};
	objectVersion = 46;
	objects = {

/* Begin PBXBuildFile section */
		9308CF571A9E8E5700480C32 /* AppDelegate.swift in Sources */ = {isa = PBXBuildFile; fileRef = 9308CF561A9E8E5700480C32 /* AppDelegate.swift */; };
		9308CF5C1A9E8E5700480C32 /* Main.storyboard in Resources */ = {isa = PBXBuildFile; fileRef = 9308CF5A1A9E8E5700480C32 /* Main.storyboard */; };
		9308CF5E1A9E8E5700480C32 /* Images.xcassets in Resources */ = {isa = PBXBuildFile; fileRef = 9308CF5D1A9E8E5700480C32 /* Images.xcassets */; };
		9308CF611A9E8E5700480C32 /* LaunchScreen.xib in Resources */ = {isa = PBXBuildFile; fileRef = 9308CF5F1A9E8E5700480C32 /* LaunchScreen.xib */; };
		9308CF6D1A9E8E5700480C32 /* AnimaticonsTests.swift in Sources */ = {isa = PBXBuildFile; fileRef = 9308CF6C1A9E8E5700480C32 /* AnimaticonsTests.swift */; };
		9308CF771A9E8FA300480C32 /* CanvasViewController.swift in Sources */ = {isa = PBXBuildFile; fileRef = 9308CF761A9E8FA300480C32 /* CanvasViewController.swift */; };
/* End PBXBuildFile section */

/* Begin PBXContainerItemProxy section */
		9308CF671A9E8E5700480C32 /* PBXContainerItemProxy */ = {
			isa = PBXContainerItemProxy;
			containerPortal = 9308CF491A9E8E5700480C32 /* Project object */;
			proxyType = 1;
			remoteGlobalIDString = 9308CF501A9E8E5700480C32;
			remoteInfo = Animaticons;
		};
/* End PBXContainerItemProxy section */

/* Begin PBXFileReference section */
		9308CF511A9E8E5700480C32 /* Animaticons.app */ = {isa = PBXFileReference; explicitFileType = wrapper.application; includeInIndex = 0; path = Animaticons.app; sourceTree = BUILT_PRODUCTS_DIR; };
		9308CF551A9E8E5700480C32 /* Info.plist */ = {isa = PBXFileReference; lastKnownFileType = text.plist.xml; path = Info.plist; sourceTree = "<group>"; };
		9308CF561A9E8E5700480C32 /* AppDelegate.swift */ = {isa = PBXFileReference; lastKnownFileType = sourcecode.swift; path = AppDelegate.swift; sourceTree = "<group>"; };
		9308CF5B1A9E8E5700480C32 /* Base */ = {isa = PBXFileReference; lastKnownFileType = file.storyboard; name = Base; path = Base.lproj/Main.storyboard; sourceTree = "<group>"; };
		9308CF5D1A9E8E5700480C32 /* Images.xcassets */ = {isa = PBXFileReference; lastKnownFileType = folder.assetcatalog; path = Images.xcassets; sourceTree = "<group>"; };
		9308CF601A9E8E5700480C32 /* Base */ = {isa = PBXFileReference; lastKnownFileType = file.xib; name = Base; path = Base.lproj/LaunchScreen.xib; sourceTree = "<group>"; };
		9308CF661A9E8E5700480C32 /* AnimaticonsTests.xctest */ = {isa = PBXFileReference; explicitFileType = wrapper.cfbundle; includeInIndex = 0; path = AnimaticonsTests.xctest; sourceTree = BUILT_PRODUCTS_DIR; };
		9308CF6B1A9E8E5700480C32 /* Info.plist */ = {isa = PBXFileReference; lastKnownFileType = text.plist.xml; path = Info.plist; sourceTree = "<group>"; };
		9308CF6C1A9E8E5700480C32 /* AnimaticonsTests.swift */ = {isa = PBXFileReference; lastKnownFileType = sourcecode.swift; path = AnimaticonsTests.swift; sourceTree = "<group>"; };
		9308CF761A9E8FA300480C32 /* CanvasViewController.swift */ = {isa = PBXFileReference; fileEncoding = 4; lastKnownFileType = sourcecode.swift; path = CanvasViewController.swift; sourceTree = "<group>"; };
/* End PBXFileReference section */

/* Begin PBXFrameworksBuildPhase section */
		9308CF4E1A9E8E5700480C32 /* Frameworks */ = {
			isa = PBXFrameworksBuildPhase;
			buildActionMask = 2147483647;
			files = (
			);
			runOnlyForDeploymentPostprocessing = 0;
		};
		9308CF631A9E8E5700480C32 /* Frameworks */ = {
			isa = PBXFrameworksBuildPhase;
			buildActionMask = 2147483647;
			files = (
			);
			runOnlyForDeploymentPostprocessing = 0;
		};
/* End PBXFrameworksBuildPhase section */

/* Begin PBXGroup section */
		9308CF481A9E8E5700480C32 = {
			isa = PBXGroup;
			children = (
				9308CF531A9E8E5700480C32 /* Animaticons */,
				9308CF691A9E8E5700480C32 /* AnimaticonsTests */,
				9308CF521A9E8E5700480C32 /* Products */,
			);
			sourceTree = "<group>";
		};
		9308CF521A9E8E5700480C32 /* Products */ = {
			isa = PBXGroup;
			children = (
				9308CF511A9E8E5700480C32 /* Animaticons.app */,
				9308CF661A9E8E5700480C32 /* AnimaticonsTests.xctest */,
			);
			name = Products;
			sourceTree = "<group>";
		};
		9308CF531A9E8E5700480C32 /* Animaticons */ = {
			isa = PBXGroup;
			children = (
				9308CF561A9E8E5700480C32 /* AppDelegate.swift */,
				9308CF761A9E8FA300480C32 /* CanvasViewController.swift */,
				9308CF5A1A9E8E5700480C32 /* Main.storyboard */,
				9308CF5D1A9E8E5700480C32 /* Images.xcassets */,
				9308CF5F1A9E8E5700480C32 /* LaunchScreen.xib */,
				9308CF541A9E8E5700480C32 /* Supporting Files */,
			);
			path = Animaticons;
			sourceTree = "<group>";
		};
		9308CF541A9E8E5700480C32 /* Supporting Files */ = {
			isa = PBXGroup;
			children = (
				9308CF551A9E8E5700480C32 /* Info.plist */,
			);
			name = "Supporting Files";
			sourceTree = "<group>";
		};
		9308CF691A9E8E5700480C32 /* AnimaticonsTests */ = {
			isa = PBXGroup;
			children = (
				9308CF6C1A9E8E5700480C32 /* AnimaticonsTests.swift */,
				9308CF6A1A9E8E5700480C32 /* Supporting Files */,
			);
			path = AnimaticonsTests;
			sourceTree = "<group>";
		};
		9308CF6A1A9E8E5700480C32 /* Supporting Files */ = {
			isa = PBXGroup;
			children = (
				9308CF6B1A9E8E5700480C32 /* Info.plist */,
			);
			name = "Supporting Files";
			sourceTree = "<group>";
		};
/* End PBXGroup section */

/* Begin PBXNativeTarget section */
		9308CF501A9E8E5700480C32 /* Animaticons */ = {
			isa = PBXNativeTarget;
			buildConfigurationList = 9308CF701A9E8E5700480C32 /* Build configuration list for PBXNativeTarget "Animaticons" */;
			buildPhases = (
				9308CF4D1A9E8E5700480C32 /* Sources */,
				9308CF4E1A9E8E5700480C32 /* Frameworks */,
				9308CF4F1A9E8E5700480C32 /* Resources */,
			);
			buildRules = (
			);
			dependencies = (
			);
			name = Animaticons;
			productName = Animaticons;
			productReference = 9308CF511A9E8E5700480C32 /* Animaticons.app */;
			productType = "com.apple.product-type.application";
		};
		9308CF651A9E8E5700480C32 /* AnimaticonsTests */ = {
			isa = PBXNativeTarget;
			buildConfigurationList = 9308CF731A9E8E5700480C32 /* Build configuration list for PBXNativeTarget "AnimaticonsTests" */;
			buildPhases = (
				9308CF621A9E8E5700480C32 /* Sources */,
				9308CF631A9E8E5700480C32 /* Frameworks */,
				9308CF641A9E8E5700480C32 /* Resources */,
			);
			buildRules = (
			);
			dependencies = (
				9308CF681A9E8E5700480C32 /* PBXTargetDependency */,
			);
			name = AnimaticonsTests;
			productName = AnimaticonsTests;
			productReference = 9308CF661A9E8E5700480C32 /* AnimaticonsTests.xctest */;
			productType = "com.apple.product-type.bundle.unit-test";
		};
/* End PBXNativeTarget section */

/* Begin PBXProject section */
		9308CF491A9E8E5700480C32 /* Project object */ = {
			isa = PBXProject;
			attributes = {
				LastUpgradeCheck = 0610;
				ORGANIZATIONNAME = "Hao Sun";
				TargetAttributes = {
					9308CF501A9E8E5700480C32 = {
						CreatedOnToolsVersion = 6.1.1;
					};
					9308CF651A9E8E5700480C32 = {
						CreatedOnToolsVersion = 6.1.1;
						TestTargetID = 9308CF501A9E8E5700480C32;
					};
				};
			};
			buildConfigurationList = 9308CF4C1A9E8E5700480C32 /* Build configuration list for PBXProject "Animaticons" */;
			compatibilityVersion = "Xcode 3.2";
			developmentRegion = English;
			hasScannedForEncodings = 0;
			knownRegions = (
				en,
				Base,
			);
			mainGroup = 9308CF481A9E8E5700480C32;
			productRefGroup = 9308CF521A9E8E5700480C32 /* Products */;
			projectDirPath = "";
			projectRoot = "";
			targets = (
				9308CF501A9E8E5700480C32 /* Animaticons */,
				9308CF651A9E8E5700480C32 /* AnimaticonsTests */,
			);
		};
/* End PBXProject section */

/* Begin PBXResourcesBuildPhase section */
		9308CF4F1A9E8E5700480C32 /* Resources */ = {
			isa = PBXResourcesBuildPhase;
			buildActionMask = 2147483647;
			files = (
				9308CF5C1A9E8E5700480C32 /* Main.storyboard in Resources */,
				9308CF611A9E8E5700480C32 /* LaunchScreen.xib in Resources */,
				9308CF5E1A9E8E5700480C32 /* Images.xcassets in Resources */,
			);
			runOnlyForDeploymentPostprocessing = 0;
		};
		9308CF641A9E8E5700480C32 /* Resources */ = {
			isa = PBXResourcesBuildPhase;
			buildActionMask = 2147483647;
			files = (
			);
			runOnlyForDeploymentPostprocessing = 0;
		};
/* End PBXResourcesBuildPhase section */

/* Begin PBXSourcesBuildPhase section */
		9308CF4D1A9E8E5700480C32 /* Sources */ = {
			isa = PBXSourcesBuildPhase;
			buildActionMask = 2147483647;
			files = (
				9308CF771A9E8FA300480C32 /* CanvasViewController.swift in Sources */,
				9308CF571A9E8E5700480C32 /* AppDelegate.swift in Sources */,
			);
			runOnlyForDeploymentPostprocessing = 0;
		};
		9308CF621A9E8E5700480C32 /* Sources */ = {
			isa = PBXSourcesBuildPhase;
			buildActionMask = 2147483647;
			files = (
				9308CF6D1A9E8E5700480C32 /* AnimaticonsTests.swift in Sources */,
			);
			runOnlyForDeploymentPostprocessing = 0;
		};
/* End PBXSourcesBuildPhase section */

/* Begin PBXTargetDependency section */
		9308CF681A9E8E5700480C32 /* PBXTargetDependency */ = {
			isa = PBXTargetDependency;
			target = 9308CF501A9E8E5700480C32 /* Animaticons */;
			targetProxy = 9308CF671A9E8E5700480C32 /* PBXContainerItemProxy */;
		};
/* End PBXTargetDependency section */

/* Begin PBXVariantGroup section */
		9308CF5A1A9E8E5700480C32 /* Main.storyboard */ = {
			isa = PBXVariantGroup;
			children = (
				9308CF5B1A9E8E5700480C32 /* Base */,
			);
			name = Main.storyboard;
			sourceTree = "<group>";
		};
		9308CF5F1A9E8E5700480C32 /* LaunchScreen.xib */ = {
			isa = PBXVariantGroup;
			children = (
				9308CF601A9E8E5700480C32 /* Base */,
			);
			name = LaunchScreen.xib;
			sourceTree = "<group>";
		};
/* End PBXVariantGroup section */

/* Begin XCBuildConfiguration section */
		9308CF6E1A9E8E5700480C32 /* Debug */ = {
			isa = XCBuildConfiguration;
			buildSettings = {
				ALWAYS_SEARCH_USER_PATHS = NO;
				CLANG_CXX_LANGUAGE_STANDARD = "gnu++0x";
				CLANG_CXX_LIBRARY = "libc++";
				CLANG_ENABLE_MODULES = YES;
				CLANG_ENABLE_OBJC_ARC = YES;
				CLANG_WARN_BOOL_CONVERSION = YES;
				CLANG_WARN_CONSTANT_CONVERSION = YES;
				CLANG_WARN_DIRECT_OBJC_ISA_USAGE = YES_ERROR;
				CLANG_WARN_EMPTY_BODY = YES;
				CLANG_WARN_ENUM_CONVERSION = YES;
				CLANG_WARN_INT_CONVERSION = YES;
				CLANG_WARN_OBJC_ROOT_CLASS = YES_ERROR;
				CLANG_WARN_UNREACHABLE_CODE = YES;
				CLANG_WARN__DUPLICATE_METHOD_MATCH = YES;
				"CODE_SIGN_IDENTITY[sdk=iphoneos*]" = "iPhone Developer";
				COPY_PHASE_STRIP = NO;
				ENABLE_STRICT_OBJC_MSGSEND = YES;
				GCC_C_LANGUAGE_STANDARD = gnu99;
				GCC_DYNAMIC_NO_PIC = NO;
				GCC_OPTIMIZATION_LEVEL = 0;
				GCC_PREPROCESSOR_DEFINITIONS = (
					"DEBUG=1",
					"$(inherited)",
				);
				GCC_SYMBOLS_PRIVATE_EXTERN = NO;
				GCC_WARN_64_TO_32_BIT_CONVERSION = YES;
				GCC_WARN_ABOUT_RETURN_TYPE = YES_ERROR;
				GCC_WARN_UNDECLARED_SELECTOR = YES;
				GCC_WARN_UNINITIALIZED_AUTOS = YES_AGGRESSIVE;
				GCC_WARN_UNUSED_FUNCTION = YES;
				GCC_WARN_UNUSED_VARIABLE = YES;
				IPHONEOS_DEPLOYMENT_TARGET = 8.1;
				MTL_ENABLE_DEBUG_INFO = YES;
				ONLY_ACTIVE_ARCH = YES;
				SDKROOT = iphoneos;
				SWIFT_OPTIMIZATION_LEVEL = "-Onone";
			};
			name = Debug;
		};
		9308CF6F1A9E8E5700480C32 /* Release */ = {
			isa = XCBuildConfiguration;
			buildSettings = {
				ALWAYS_SEARCH_USER_PATHS = NO;
				CLANG_CXX_LANGUAGE_STANDARD = "gnu++0x";
				CLANG_CXX_LIBRARY = "libc++";
				CLANG_ENABLE_MODULES = YES;
				CLANG_ENABLE_OBJC_ARC = YES;
				CLANG_WARN_BOOL_CONVERSION = YES;
				CLANG_WARN_CONSTANT_CONVERSION = YES;
				CLANG_WARN_DIRECT_OBJC_ISA_USAGE = YES_ERROR;
				CLANG_WARN_EMPTY_BODY = YES;
				CLANG_WARN_ENUM_CONVERSION = YES;
				CLANG_WARN_INT_CONVERSION = YES;
				CLANG_WARN_OBJC_ROOT_CLASS = YES_ERROR;
				CLANG_WARN_UNREACHABLE_CODE = YES;
				CLANG_WARN__DUPLICATE_METHOD_MATCH = YES;
				"CODE_SIGN_IDENTITY[sdk=iphoneos*]" = "iPhone Developer";
				COPY_PHASE_STRIP = YES;
				ENABLE_NS_ASSERTIONS = NO;
				ENABLE_STRICT_OBJC_MSGSEND = YES;
				GCC_C_LANGUAGE_STANDARD = gnu99;
				GCC_WARN_64_TO_32_BIT_CONVERSION = YES;
				GCC_WARN_ABOUT_RETURN_TYPE = YES_ERROR;
				GCC_WARN_UNDECLARED_SELECTOR = YES;
				GCC_WARN_UNINITIALIZED_AUTOS = YES_AGGRESSIVE;
				GCC_WARN_UNUSED_FUNCTION = YES;
				GCC_WARN_UNUSED_VARIABLE = YES;
				IPHONEOS_DEPLOYMENT_TARGET = 8.1;
				MTL_ENABLE_DEBUG_INFO = NO;
				SDKROOT = iphoneos;
				VALIDATE_PRODUCT = YES;
			};
			name = Release;
		};
		9308CF711A9E8E5700480C32 /* Debug */ = {
			isa = XCBuildConfiguration;
			buildSettings = {
				ASSETCATALOG_COMPILER_APPICON_NAME = AppIcon;
				INFOPLIST_FILE = Animaticons/Info.plist;
				LD_RUNPATH_SEARCH_PATHS = "$(inherited) @executable_path/Frameworks";
				PRODUCT_NAME = "$(TARGET_NAME)";
			};
			name = Debug;
		};
		9308CF721A9E8E5700480C32 /* Release */ = {
			isa = XCBuildConfiguration;
			buildSettings = {
				ASSETCATALOG_COMPILER_APPICON_NAME = AppIcon;
				INFOPLIST_FILE = Animaticons/Info.plist;
				LD_RUNPATH_SEARCH_PATHS = "$(inherited) @executable_path/Frameworks";
				PRODUCT_NAME = "$(TARGET_NAME)";
			};
			name = Release;
		};
		9308CF741A9E8E5700480C32 /* Debug */ = {
			isa = XCBuildConfiguration;
			buildSettings = {
				BUNDLE_LOADER = "$(TEST_HOST)";
				FRAMEWORK_SEARCH_PATHS = (
					"$(SDKROOT)/Developer/Library/Frameworks",
					"$(inherited)",
				);
				GCC_PREPROCESSOR_DEFINITIONS = (
					"DEBUG=1",
					"$(inherited)",
				);
				INFOPLIST_FILE = AnimaticonsTests/Info.plist;
				LD_RUNPATH_SEARCH_PATHS = "$(inherited) @executable_path/Frameworks @loader_path/Frameworks";
				PRODUCT_NAME = "$(TARGET_NAME)";
				TEST_HOST = "$(BUILT_PRODUCTS_DIR)/Animaticons.app/Animaticons";
			};
			name = Debug;
		};
		9308CF751A9E8E5700480C32 /* Release */ = {
			isa = XCBuildConfiguration;
			buildSettings = {
				BUNDLE_LOADER = "$(TEST_HOST)";
				FRAMEWORK_SEARCH_PATHS = (
					"$(SDKROOT)/Developer/Library/Frameworks",
					"$(inherited)",
				);
				INFOPLIST_FILE = AnimaticonsTests/Info.plist;
				LD_RUNPATH_SEARCH_PATHS = "$(inherited) @executable_path/Frameworks @loader_path/Frameworks";
				PRODUCT_NAME = "$(TARGET_NAME)";
				TEST_HOST = "$(BUILT_PRODUCTS_DIR)/Animaticons.app/Animaticons";
			};
			name = Release;
		};
/* End XCBuildConfiguration section */

/* Begin XCConfigurationList section */
		9308CF4C1A9E8E5700480C32 /* Build configuration list for PBXProject "Animaticons" */ = {
			isa = XCConfigurationList;
			buildConfigurations = (
				9308CF6E1A9E8E5700480C32 /* Debug */,
				9308CF6F1A9E8E5700480C32 /* Release */,
			);
			defaultConfigurationIsVisible = 0;
			defaultConfigurationName = Release;
		};
		9308CF701A9E8E5700480C32 /* Build configuration list for PBXNativeTarget "Animaticons" */ = {
			isa = XCConfigurationList;
			buildConfigurations = (
				9308CF711A9E8E5700480C32 /* Debug */,
				9308CF721A9E8E5700480C32 /* Release */,
			);
			defaultConfigurationIsVisible = 0;
		};
		9308CF731A9E8E5700480C32 /* Build configuration list for PBXNativeTarget "AnimaticonsTests" */ = {
			isa = XCConfigurationList;
			buildConfigurations = (
				9308CF741A9E8E5700480C32 /* Debug */,
				9308CF751A9E8E5700480C32 /* Release */,
			);
			defaultConfigurationIsVisible = 0;
		};
/* End XCConfigurationList section */
	};
	rootObject = 9308CF491A9E8E5700480C32 /* Project object */;
}
